
Microsoft Visual Studio Solution File, Format Version 12.00
# Visual Studio 2012
Project("{FAE04EC0-301F-11D3-BF4B-00C04F79EFBC}") = "openFLE-FW", "openFLE-FW.csproj", "{28B2088F-7128-42A0-A752-335D4E4EF98E}"
EndProject
Project("{930C7802-8A8C-48F9-8165-68863BCCD9DD}") = "FileWatcherSetup", "..\FileWatcherSetup\FileWatcherSetup.wixproj", "{F04EDA71-4C20-4AE4-B348-E53C3F376621}"
EndProject
Project("{FAE04EC0-301F-11D3-BF4B-00C04F79EFBC}") = "openFLE-FWConsole", "..\openFLE-FWConsole\openFLE-FWConsole.csproj", "{FD3784A1-A944-41AD-A9C9-BFDD7D5137A2}"
EndProject
Project("{FAE04EC0-301F-11D3-BF4B-00C04F79EFBC}") = "GSF.Core", "..\GSF.Core\GSF.Core.csproj", "{FF3FCBA6-F01A-4EC2-BC3F-6BA832AFCF88}"
EndProject
Project("{FAE04EC0-301F-11D3-BF4B-00C04F79EFBC}") = "GSF.Communication", "..\GSF.Communication\GSF.Communication.csproj", "{2B2EB9BE-E6A9-406F-BFE6-FF46DD6BD264}"
EndProject
Project("{FAE04EC0-301F-11D3-BF4B-00C04F79EFBC}") = "GSF.ServiceProcess", "..\GSF.ServiceProcess\GSF.ServiceProcess.csproj", "{2E23E926-CF64-4607-BDE1-1B2FC76F4919}"
EndProject
Project("{FAE04EC0-301F-11D3-BF4B-00C04F79EFBC}") = "GSF.Security", "..\GSF.Security\GSF.Security.csproj", "{4060E729-EFFD-4E50-A0D5-99C0990EF7DA}"
EndProject
Global
	GlobalSection(SolutionConfigurationPlatforms) = preSolution
		Debug|Any CPU = Debug|Any CPU
		Debug|x86 = Debug|x86
		Mono|Any CPU = Mono|Any CPU
		Mono|x86 = Mono|x86
		Release|Any CPU = Release|Any CPU
		Release|x86 = Release|x86
	EndGlobalSection
	GlobalSection(ProjectConfigurationPlatforms) = postSolution
		{28B2088F-7128-42A0-A752-335D4E4EF98E}.Debug|Any CPU.ActiveCfg = Debug|Any CPU
		{28B2088F-7128-42A0-A752-335D4E4EF98E}.Debug|Any CPU.Build.0 = Debug|Any CPU
		{28B2088F-7128-42A0-A752-335D4E4EF98E}.Debug|x86.ActiveCfg = Debug|Any CPU
		{28B2088F-7128-42A0-A752-335D4E4EF98E}.Mono|Any CPU.ActiveCfg = Release|Any CPU
		{28B2088F-7128-42A0-A752-335D4E4EF98E}.Mono|Any CPU.Build.0 = Release|Any CPU
		{28B2088F-7128-42A0-A752-335D4E4EF98E}.Mono|x86.ActiveCfg = Release|Any CPU
		{28B2088F-7128-42A0-A752-335D4E4EF98E}.Release|Any CPU.ActiveCfg = Release|Any CPU
		{28B2088F-7128-42A0-A752-335D4E4EF98E}.Release|Any CPU.Build.0 = Release|Any CPU
		{28B2088F-7128-42A0-A752-335D4E4EF98E}.Release|x86.ActiveCfg = Release|Any CPU
		{F04EDA71-4C20-4AE4-B348-E53C3F376621}.Debug|Any CPU.ActiveCfg = Debug|x64
		{F04EDA71-4C20-4AE4-B348-E53C3F376621}.Debug|x86.ActiveCfg = Debug|x64
		{F04EDA71-4C20-4AE4-B348-E53C3F376621}.Mono|Any CPU.ActiveCfg = Release|x64
		{F04EDA71-4C20-4AE4-B348-E53C3F376621}.Mono|x86.ActiveCfg = Release|x64
		{F04EDA71-4C20-4AE4-B348-E53C3F376621}.Release|Any CPU.ActiveCfg = Release|x64
		{F04EDA71-4C20-4AE4-B348-E53C3F376621}.Release|Any CPU.Build.0 = Release|x64
		{F04EDA71-4C20-4AE4-B348-E53C3F376621}.Release|x86.ActiveCfg = Release|x64
		{FD3784A1-A944-41AD-A9C9-BFDD7D5137A2}.Debug|Any CPU.ActiveCfg = Debug|Any CPU
		{FD3784A1-A944-41AD-A9C9-BFDD7D5137A2}.Debug|Any CPU.Build.0 = Debug|Any CPU
		{FD3784A1-A944-41AD-A9C9-BFDD7D5137A2}.Debug|x86.ActiveCfg = Debug|Any CPU
		{FD3784A1-A944-41AD-A9C9-BFDD7D5137A2}.Mono|Any CPU.ActiveCfg = Release|Any CPU
		{FD3784A1-A944-41AD-A9C9-BFDD7D5137A2}.Mono|Any CPU.Build.0 = Release|Any CPU
		{FD3784A1-A944-41AD-A9C9-BFDD7D5137A2}.Mono|x86.ActiveCfg = Release|Any CPU
		{FD3784A1-A944-41AD-A9C9-BFDD7D5137A2}.Release|Any CPU.ActiveCfg = Release|Any CPU
		{FD3784A1-A944-41AD-A9C9-BFDD7D5137A2}.Release|Any CPU.Build.0 = Release|Any CPU
		{FD3784A1-A944-41AD-A9C9-BFDD7D5137A2}.Release|x86.ActiveCfg = Release|Any CPU
		{FF3FCBA6-F01A-4EC2-BC3F-6BA832AFCF88}.Debug|Any CPU.ActiveCfg = Debug|Any CPU
		{FF3FCBA6-F01A-4EC2-BC3F-6BA832AFCF88}.Debug|Any CPU.Build.0 = Debug|Any CPU
		{FF3FCBA6-F01A-4EC2-BC3F-6BA832AFCF88}.Debug|x86.ActiveCfg = Debug|Any CPU
		{FF3FCBA6-F01A-4EC2-BC3F-6BA832AFCF88}.Mono|Any CPU.ActiveCfg = Mono|Any CPU
		{FF3FCBA6-F01A-4EC2-BC3F-6BA832AFCF88}.Mono|Any CPU.Build.0 = Mono|Any CPU
		{FF3FCBA6-F01A-4EC2-BC3F-6BA832AFCF88}.Mono|x86.ActiveCfg = Mono|Any CPU
		{FF3FCBA6-F01A-4EC2-BC3F-6BA832AFCF88}.Release|Any CPU.ActiveCfg = Release|Any CPU
		{FF3FCBA6-F01A-4EC2-BC3F-6BA832AFCF88}.Release|Any CPU.Build.0 = Release|Any CPU
		{FF3FCBA6-F01A-4EC2-BC3F-6BA832AFCF88}.Release|x86.ActiveCfg = Release|Any CPU
		{2B2EB9BE-E6A9-406F-BFE6-FF46DD6BD264}.Debug|Any CPU.ActiveCfg = Debug|Any CPU
		{2B2EB9BE-E6A9-406F-BFE6-FF46DD6BD264}.Debug|Any CPU.Build.0 = Debug|Any CPU
		{2B2EB9BE-E6A9-406F-BFE6-FF46DD6BD264}.Debug|x86.ActiveCfg = Debug|Any CPU
		{2B2EB9BE-E6A9-406F-BFE6-FF46DD6BD264}.Mono|Any CPU.ActiveCfg = Mono|Any CPU
		{2B2EB9BE-E6A9-406F-BFE6-FF46DD6BD264}.Mono|Any CPU.Build.0 = Mono|Any CPU
		{2B2EB9BE-E6A9-406F-BFE6-FF46DD6BD264}.Mono|x86.ActiveCfg = Mono|Any CPU
		{2B2EB9BE-E6A9-406F-BFE6-FF46DD6BD264}.Release|Any CPU.ActiveCfg = Release|Any CPU
		{2B2EB9BE-E6A9-406F-BFE6-FF46DD6BD264}.Release|Any CPU.Build.0 = Release|Any CPU
		{2B2EB9BE-E6A9-406F-BFE6-FF46DD6BD264}.Release|x86.ActiveCfg = Release|Any CPU
		{2E23E926-CF64-4607-BDE1-1B2FC76F4919}.Debug|Any CPU.ActiveCfg = Debug|Any CPU
		{2E23E926-CF64-4607-BDE1-1B2FC76F4919}.Debug|Any CPU.Build.0 = Debug|Any CPU
		{2E23E926-CF64-4607-BDE1-1B2FC76F4919}.Debug|x86.ActiveCfg = Debug|Any CPU
		{2E23E926-CF64-4607-BDE1-1B2FC76F4919}.Mono|Any CPU.ActiveCfg = Mono|Any CPU
		{2E23E926-CF64-4607-BDE1-1B2FC76F4919}.Mono|Any CPU.Build.0 = Mono|Any CPU
		{2E23E926-CF64-4607-BDE1-1B2FC76F4919}.Mono|x86.ActiveCfg = Mono|Any CPU
		{2E23E926-CF64-4607-BDE1-1B2FC76F4919}.Release|Any CPU.ActiveCfg = Release|Any CPU
		{2E23E926-CF64-4607-BDE1-1B2FC76F4919}.Release|Any CPU.Build.0 = Release|Any CPU
		{2E23E926-CF64-4607-BDE1-1B2FC76F4919}.Release|x86.ActiveCfg = Release|Any CPU
		{4060E729-EFFD-4E50-A0D5-99C0990EF7DA}.Debug|Any CPU.ActiveCfg = Debug|Any CPU
		{4060E729-EFFD-4E50-A0D5-99C0990EF7DA}.Debug|Any CPU.Build.0 = Debug|Any CPU
		{4060E729-EFFD-4E50-A0D5-99C0990EF7DA}.Debug|x86.ActiveCfg = Debug|Any CPU
		{4060E729-EFFD-4E50-A0D5-99C0990EF7DA}.Mono|Any CPU.ActiveCfg = Mono|Any CPU
		{4060E729-EFFD-4E50-A0D5-99C0990EF7DA}.Mono|Any CPU.Build.0 = Mono|Any CPU
		{4060E729-EFFD-4E50-A0D5-99C0990EF7DA}.Mono|x86.ActiveCfg = Mono|Any CPU
		{4060E729-EFFD-4E50-A0D5-99C0990EF7DA}.Release|Any CPU.ActiveCfg = Release|Any CPU
		{4060E729-EFFD-4E50-A0D5-99C0990EF7DA}.Release|Any CPU.Build.0 = Release|Any CPU
		{4060E729-EFFD-4E50-A0D5-99C0990EF7DA}.Release|x86.ActiveCfg = Release|Any CPU
	EndGlobalSection
	GlobalSection(SolutionProperties) = preSolution
		HideSolutionNode = FALSE
	EndGlobalSection
EndGlobal
