
Microsoft Visual Studio Solution File, Format Version 12.00
# Visual Studio 2012
Project("{2150E333-8FDC-42A3-9474-1A3956D46DE8}") = "Applications", "Applications", "{B3493118-9437-497D-A716-24232CE0D4F2}"
EndProject
Project("{2150E333-8FDC-42A3-9474-1A3956D46DE8}") = "Dependencies", "Dependencies", "{6AA858DD-E319-459F-A5A5-FBDB89D63214}"
EndProject
Project("{2150E333-8FDC-42A3-9474-1A3956D46DE8}") = "Libraries", "Libraries", "{0F4F3F4C-55D3-4D76-99AC-1ABD3F69CFBE}"
EndProject
Project("{2150E333-8FDC-42A3-9474-1A3956D46DE8}") = "openFLE", "openFLE", "{BC5C2A22-31D3-4887-B798-262244564883}"
EndProject
Project("{2150E333-8FDC-42A3-9474-1A3956D46DE8}") = "XDAFileWatcher", "XDAFileWatcher", "{E0A728AA-FC3E-4184-AA89-B421C3EBFD62}"
EndProject
Project("{FAE04EC0-301F-11D3-BF4B-00C04F79EFBC}") = "FaultAlgorithms", "Libraries\FaultAlgorithms\FaultAlgorithms.csproj", "{24EB0E7B-9F79-4E3A-94FB-87BD4D06A400}"
EndProject
Project("{FAE04EC0-301F-11D3-BF4B-00C04F79EFBC}") = "openFLE", "Applications\openFLE\openFLE\openFLE.csproj", "{0218BFF0-F4D8-4F24-A0A8-59F330CC9DE3}"
EndProject
Project("{FAE04EC0-301F-11D3-BF4B-00C04F79EFBC}") = "openFLEConsole", "Applications\openFLE\openFLEConsole\openFLEConsole.csproj", "{33FAD525-AAE2-4E26-A790-ECC18697CE45}"
EndProject
Project("{FAE04EC0-301F-11D3-BF4B-00C04F79EFBC}") = "openFLEManager", "Applications\openFLE\openFLEManager\openFLEManager.csproj", "{8F3E211B-B0C7-49CB-9683-E488E4E6702F}"
EndProject
Project("{930C7802-8A8C-48F9-8165-68863BCCD9DD}") = "openFLESetup", "Applications\openFLE\openFLESetup\openFLESetup.wixproj", "{ECD65C8C-9905-4259-85BE-8E62DA5C7C62}"
EndProject
Project("{FAE04EC0-301F-11D3-BF4B-00C04F79EFBC}") = "XDAFileWatcher", "Applications\XDAFileWatcher\XDAFileWatcher\XDAFileWatcher.csproj", "{28B2088F-7128-42A0-A752-335D4E4EF98E}"
EndProject
Project("{FAE04EC0-301F-11D3-BF4B-00C04F79EFBC}") = "XDAFileWatcherConsole", "Applications\XDAFileWatcher\XDAFileWatcherConsole\XDAFileWatcherConsole.csproj", "{FD3784A1-A944-41AD-A9C9-BFDD7D5137A2}"
EndProject
Project("{930C7802-8A8C-48F9-8165-68863BCCD9DD}") = "XDAFileWatcherSetup", "Applications\XDAFileWatcher\XDAFileWatcherSetup\XDAFileWatcherSetup.wixproj", "{F04EDA71-4C20-4AE4-B348-E53C3F376621}"
EndProject
Project("{2150E333-8FDC-42A3-9474-1A3956D46DE8}") = "DotNetZip", "DotNetZip", "{847B0BE1-54CD-4A68-B0DB-6EA2CD8F672F}"
	ProjectSection(SolutionItems) = preProject
		Dependencies\DotNetZip\Ionic.Zlib.dll = Dependencies\DotNetZip\Ionic.Zlib.dll
		Dependencies\DotNetZip\Ionic.Zlib.xml = Dependencies\DotNetZip\Ionic.Zlib.xml
	EndProjectSection
EndProject
Project("{2150E333-8FDC-42A3-9474-1A3956D46DE8}") = "GSF", "GSF", "{F5BD3958-FFBE-415F-BC25-25C30DD7C26F}"
	ProjectSection(SolutionItems) = preProject
		Dependencies\GSF\GSF.Communication.dll = Dependencies\GSF\GSF.Communication.dll
		Dependencies\GSF\GSF.Communication.xml = Dependencies\GSF\GSF.Communication.xml
		Dependencies\GSF\GSF.COMTRADE.dll = Dependencies\GSF\GSF.COMTRADE.dll
		Dependencies\GSF\GSF.COMTRADE.xml = Dependencies\GSF\GSF.COMTRADE.xml
		Dependencies\GSF\GSF.Core.dll = Dependencies\GSF\GSF.Core.dll
		Dependencies\GSF\GSF.Core.xml = Dependencies\GSF\GSF.Core.xml
		Dependencies\GSF\GSF.EMAX.dll = Dependencies\GSF\GSF.EMAX.dll
		Dependencies\GSF\GSF.EMAX.xml = Dependencies\GSF\GSF.EMAX.xml
		Dependencies\GSF\GSF.PhasorProtocols.dll = Dependencies\GSF\GSF.PhasorProtocols.dll
		Dependencies\GSF\GSF.PhasorProtocols.xml = Dependencies\GSF\GSF.PhasorProtocols.xml
		Dependencies\GSF\GSF.PQDIF.dll = Dependencies\GSF\GSF.PQDIF.dll
		Dependencies\GSF\GSF.PQDIF.xml = Dependencies\GSF\GSF.PQDIF.xml
		Dependencies\GSF\GSF.Security.dll = Dependencies\GSF\GSF.Security.dll
		Dependencies\GSF\GSF.Security.xml = Dependencies\GSF\GSF.Security.xml
		Dependencies\GSF\GSF.SELEventParser.dll = Dependencies\GSF\GSF.SELEventParser.dll
		Dependencies\GSF\GSF.SELEventParser.XML = Dependencies\GSF\GSF.SELEventParser.XML
		Dependencies\GSF\GSF.ServiceProcess.dll = Dependencies\GSF\GSF.ServiceProcess.dll
		Dependencies\GSF\GSF.ServiceProcess.xml = Dependencies\GSF\GSF.ServiceProcess.xml
		Dependencies\GSF\GSF.SortedTreeStore.dll = Dependencies\GSF\GSF.SortedTreeStore.dll
		Dependencies\GSF\GSF.TimeSeries.dll = Dependencies\GSF\GSF.TimeSeries.dll
		Dependencies\GSF\GSF.TimeSeries.xml = Dependencies\GSF\GSF.TimeSeries.xml
	EndProjectSection
EndProject
Project("{2150E333-8FDC-42A3-9474-1A3956D46DE8}") = "WiX", "WiX", "{598B0FE9-B4EA-4797-982D-BF243F3C5BEC}"
	ProjectSection(SolutionItems) = preProject
		Dependencies\WiX\WixUIExtension.dll = Dependencies\WiX\WixUIExtension.dll
	EndProjectSection
EndProject
Project("{FAE04EC0-301F-11D3-BF4B-00C04F79EFBC}") = "SqlServerTedWriter", "Libraries\SqlServerTedWriter\SqlServerTedWriter.csproj", "{05636D10-CC92-43B1-AF3D-E66CCECFB3CC}"
EndProject
Project("{FAE04EC0-301F-11D3-BF4B-00C04F79EFBC}") = "DebugServiceMonitor", "Libraries\DebugServiceMonitor\DebugServiceMonitor.csproj", "{953A5C0E-31C5-4C36-93E6-A0F2750F199C}"
EndProject
Project("{2150E333-8FDC-42A3-9474-1A3956D46DE8}") = "Data", "Data", "{B554F6A4-C3DF-4D8B-B3EF-7819B44BCE09}"
	ProjectSection(SolutionItems) = preProject
		Data\openXDA.sql = Data\openXDA.sql
		Data\XDATransientEventDatabase.sql = Data\XDATransientEventDatabase.sql
	EndProjectSection
EndProject
Project("{2150E333-8FDC-42A3-9474-1A3956D46DE8}") = "Tools", "Tools", "{9DA625F5-5D02-4855-A891-5E059AE2BD83}"
EndProject
Project("{FAE04EC0-301F-11D3-BF4B-00C04F79EFBC}") = "XDAWaveformDataParser", "Tools\XDAWaveformDataParser\XDAWaveformDataParser.csproj", "{79FBD416-8CFF-425E-A010-15E61B9D3BD7}"
EndProject
Project("{FAE04EC0-301F-11D3-BF4B-00C04F79EFBC}") = "FaultData", "Libraries\FaultData\FaultData.csproj", "{11AE594D-2B2B-473C-8550-6BF62914C3E2}"
EndProject
Project("{FAE04EC0-301F-11D3-BF4B-00C04F79EFBC}") = "DeviceDefinitionsMigrator", "Tools\DeviceDefinitionsMigrator\DeviceDefinitionsMigrator.csproj", "{94E98B70-2F52-45A2-A805-3D6B62547149}"
EndProject
Project("{2150E333-8FDC-42A3-9474-1A3956D46DE8}") = "openXDA", "openXDA", "{DE52CF89-A2CD-41E7-AB2C-4D0E8DE2772A}"
EndProject
Project("{FAE04EC0-301F-11D3-BF4B-00C04F79EFBC}") = "openXDA", "Applications\openXDA\openXDA\openXDA.csproj", "{0C461E89-2430-4E47-B5C4-97FCA86E0E21}"
EndProject
Project("{FAE04EC0-301F-11D3-BF4B-00C04F79EFBC}") = "openXDAConsole", "Applications\openXDA\openXDAConsole\openXDAConsole.csproj", "{72F417E9-F592-4417-B87C-B681AE707294}"
EndProject
Project("{FAE04EC0-301F-11D3-BF4B-00C04F79EFBC}") = "openXDAManager", "Applications\openXDA\openXDAManager\openXDAManager.csproj", "{51358DA9-39B6-4176-BB24-E6735E977604}"
EndProject
Project("{930C7802-8A8C-48F9-8165-68863BCCD9DD}") = "openXDASetup", "Applications\openXDA\openXDASetup\openXDASetup.wixproj", "{36380070-81B6-4D71-A80A-C5AE76B0E357}"
EndProject
Project("{2150E333-8FDC-42A3-9474-1A3956D46DE8}") = "openHistorian", "openHistorian", "{947C5857-A97F-499E-BC07-4509132EAF52}"
	ProjectSection(SolutionItems) = preProject
		Dependencies\openHistorian\crypto.dll = Dependencies\openHistorian\crypto.dll
		Dependencies\openHistorian\GSF.SortedTreeStore.dll = Dependencies\openHistorian\GSF.SortedTreeStore.dll
		Dependencies\openHistorian\GSF.SortedTreeStore.SqlClr.dll = Dependencies\openHistorian\GSF.SortedTreeStore.SqlClr.dll
		Dependencies\openHistorian\openHistorian.Core.dll = Dependencies\openHistorian\openHistorian.Core.dll
		Dependencies\openHistorian\openHistorian.Core.SqlClr.dll = Dependencies\openHistorian\openHistorian.Core.SqlClr.dll
		Dependencies\openHistorian\openHistorian.SqlClr.dll = Dependencies\openHistorian\openHistorian.SqlClr.dll
	EndProjectSection
EndProject
Project("{00D1A9C2-B5F0-4AF3-8072-F6C62B433612}") = "openHistorianXDALink", "Libraries\openHistorianLink\openHistorianXDALink.sqlproj", "{0505DEEB-4408-441C-9254-FB22A6610C52}"
EndProject
Global
	GlobalSection(TeamFoundationVersionControl) = preSolution
		SccNumberOfProjects = 19
		SccEnterpriseProvider = {4CA58AB2-18FA-4F8D-95D4-32DDF27D184C}
		SccTeamFoundationServer = https://tfs.codeplex.com/tfs/tfs07
		SccLocalPath0 = .
		SccProjectUniqueName1 = Libraries\\FaultAlgorithms\\FaultAlgorithms.csproj
		SccProjectTopLevelParentUniqueName1 = openXDA.sln
		SccProjectName1 = Libraries/FaultAlgorithms
		SccLocalPath1 = Libraries\\FaultAlgorithms
		SccProjectUniqueName2 = Applications\\openFLE\\openFLE\\openFLE.csproj
		SccProjectTopLevelParentUniqueName2 = openXDA.sln
		SccProjectName2 = Applications/openFLE/openFLE
		SccLocalPath2 = Applications\\openFLE\\openFLE
		SccProjectUniqueName3 = Applications\\openFLE\\openFLEConsole\\openFLEConsole.csproj
		SccProjectTopLevelParentUniqueName3 = openXDA.sln
		SccProjectName3 = Applications/openFLE/openFLEConsole
		SccLocalPath3 = Applications\\openFLE\\openFLEConsole
		SccProjectUniqueName4 = Applications\\openFLE\\openFLEManager\\openFLEManager.csproj
		SccProjectTopLevelParentUniqueName4 = openXDA.sln
		SccProjectName4 = Applications/openFLE/openFLEManager
		SccLocalPath4 = Applications\\openFLE\\openFLEManager
		SccProjectUniqueName5 = Applications\\openFLE\\openFLESetup\\openFLESetup.wixproj
		SccProjectTopLevelParentUniqueName5 = openXDA.sln
		SccProjectName5 = Applications/openFLE/openFLESetup
		SccLocalPath5 = Applications\\openFLE\\openFLESetup
		SccProjectUniqueName6 = Applications\\XDAFileWatcher\\XDAFileWatcher\\XDAFileWatcher.csproj
		SccProjectTopLevelParentUniqueName6 = openXDA.sln
		SccProjectName6 = Applications/XDAFileWatcher/XDAFileWatcher
		SccLocalPath6 = Applications\\XDAFileWatcher\\XDAFileWatcher
		SccProjectUniqueName7 = Applications\\XDAFileWatcher\\XDAFileWatcherConsole\\XDAFileWatcherConsole.csproj
		SccProjectTopLevelParentUniqueName7 = openXDA.sln
		SccProjectName7 = Applications/XDAFileWatcher/XDAFileWatcherConsole
		SccLocalPath7 = Applications\\XDAFileWatcher\\XDAFileWatcherConsole
		SccProjectUniqueName8 = Applications\\XDAFileWatcher\\XDAFileWatcherSetup\\XDAFileWatcherSetup.wixproj
		SccProjectTopLevelParentUniqueName8 = openXDA.sln
		SccProjectName8 = Applications/XDAFileWatcher/XDAFileWatcherSetup
		SccLocalPath8 = Applications\\XDAFileWatcher\\XDAFileWatcherSetup
		SccProjectUniqueName9 = Libraries\\SqlServerTedWriter\\SqlServerTedWriter.csproj
		SccProjectTopLevelParentUniqueName9 = openXDA.sln
		SccProjectName9 = Libraries/SqlServerTedWriter
		SccLocalPath9 = Libraries\\SqlServerTedWriter
		SccProjectUniqueName10 = Libraries\\DebugServiceMonitor\\DebugServiceMonitor.csproj
		SccProjectTopLevelParentUniqueName10 = openXDA.sln
		SccProjectName10 = Libraries/DebugServiceMonitor
		SccLocalPath10 = Libraries\\DebugServiceMonitor
		SccProjectUniqueName11 = Tools\\XDAWaveformDataParser\\XDAWaveformDataParser.csproj
		SccProjectTopLevelParentUniqueName11 = openXDA.sln
		SccProjectName11 = Tools/XDAWaveformDataParser
		SccLocalPath11 = Tools\\XDAWaveformDataParser
		SccProjectUniqueName12 = Libraries\\FaultData\\FaultData.csproj
		SccProjectTopLevelParentUniqueName12 = openXDA.sln
		SccProjectName12 = Libraries/FaultData
		SccLocalPath12 = Libraries\\FaultData
		SccProjectUniqueName13 = Tools\\DeviceDefinitionsMigrator\\DeviceDefinitionsMigrator.csproj
		SccProjectTopLevelParentUniqueName13 = openXDA.sln
		SccProjectName13 = Tools/DeviceDefinitionsMigrator
		SccLocalPath13 = Tools\\DeviceDefinitionsMigrator
		SccProjectUniqueName14 = Applications\\openXDA\\openXDA\\openXDA.csproj
		SccProjectTopLevelParentUniqueName14 = openXDA.sln
		SccProjectName14 = Applications/openXDA/openXDA
		SccLocalPath14 = Applications\\openXDA\\openXDA
		SccProjectUniqueName15 = Applications\\openXDA\\openXDAConsole\\openXDAConsole.csproj
		SccProjectTopLevelParentUniqueName15 = openXDA.sln
		SccProjectName15 = Applications/openXDA/openXDAConsole
		SccLocalPath15 = Applications\\openXDA\\openXDAConsole
		SccProjectUniqueName16 = Applications\\openXDA\\openXDAManager\\openXDAManager.csproj
		SccProjectTopLevelParentUniqueName16 = openXDA.sln
		SccProjectName16 = Applications/openXDA/openXDAManager
		SccLocalPath16 = Applications\\openXDA\\openXDAManager
		SccProjectUniqueName17 = Applications\\openXDA\\openXDASetup\\openXDASetup.wixproj
		SccProjectTopLevelParentUniqueName17 = openXDA.sln
		SccProjectName17 = Applications/openXDA/openXDASetup
		SccLocalPath17 = Applications\\openXDA\\openXDASetup
		SccProjectUniqueName18 = Libraries\\openHistorianLink\\openHistorianXDALink.sqlproj
		SccProjectTopLevelParentUniqueName18 = openXDA.sln
		SccProjectName18 = Libraries/openHistorianLink
		SccLocalPath18 = Libraries\\openHistorianLink
	EndGlobalSection
	GlobalSection(SolutionConfigurationPlatforms) = preSolution
		Debug|Any CPU = Debug|Any CPU
		Debug|Mixed Platforms = Debug|Mixed Platforms
		Debug|x86 = Debug|x86
		Release|Any CPU = Release|Any CPU
		Release|Mixed Platforms = Release|Mixed Platforms
		Release|x86 = Release|x86
	EndGlobalSection
	GlobalSection(ProjectConfigurationPlatforms) = postSolution
		{24EB0E7B-9F79-4E3A-94FB-87BD4D06A400}.Debug|Any CPU.ActiveCfg = Debug|Any CPU
		{24EB0E7B-9F79-4E3A-94FB-87BD4D06A400}.Debug|Any CPU.Build.0 = Debug|Any CPU
		{24EB0E7B-9F79-4E3A-94FB-87BD4D06A400}.Debug|Mixed Platforms.ActiveCfg = Debug|Any CPU
		{24EB0E7B-9F79-4E3A-94FB-87BD4D06A400}.Debug|Mixed Platforms.Build.0 = Debug|Any CPU
		{24EB0E7B-9F79-4E3A-94FB-87BD4D06A400}.Debug|x86.ActiveCfg = Debug|Any CPU
		{24EB0E7B-9F79-4E3A-94FB-87BD4D06A400}.Debug|x86.Build.0 = Debug|Any CPU
		{24EB0E7B-9F79-4E3A-94FB-87BD4D06A400}.Release|Any CPU.ActiveCfg = Release|Any CPU
		{24EB0E7B-9F79-4E3A-94FB-87BD4D06A400}.Release|Any CPU.Build.0 = Release|Any CPU
		{24EB0E7B-9F79-4E3A-94FB-87BD4D06A400}.Release|Mixed Platforms.ActiveCfg = Release|Any CPU
		{24EB0E7B-9F79-4E3A-94FB-87BD4D06A400}.Release|Mixed Platforms.Build.0 = Release|Any CPU
		{24EB0E7B-9F79-4E3A-94FB-87BD4D06A400}.Release|x86.ActiveCfg = Release|Any CPU
		{24EB0E7B-9F79-4E3A-94FB-87BD4D06A400}.Release|x86.Build.0 = Release|Any CPU
		{0218BFF0-F4D8-4F24-A0A8-59F330CC9DE3}.Debug|Any CPU.ActiveCfg = Debug|Any CPU
		{0218BFF0-F4D8-4F24-A0A8-59F330CC9DE3}.Debug|Any CPU.Build.0 = Debug|Any CPU
		{0218BFF0-F4D8-4F24-A0A8-59F330CC9DE3}.Debug|Mixed Platforms.ActiveCfg = Debug|x86
		{0218BFF0-F4D8-4F24-A0A8-59F330CC9DE3}.Debug|Mixed Platforms.Build.0 = Debug|x86
		{0218BFF0-F4D8-4F24-A0A8-59F330CC9DE3}.Debug|x86.ActiveCfg = Debug|x86
		{0218BFF0-F4D8-4F24-A0A8-59F330CC9DE3}.Debug|x86.Build.0 = Debug|x86
		{0218BFF0-F4D8-4F24-A0A8-59F330CC9DE3}.Release|Any CPU.ActiveCfg = Release|Any CPU
		{0218BFF0-F4D8-4F24-A0A8-59F330CC9DE3}.Release|Any CPU.Build.0 = Release|Any CPU
		{0218BFF0-F4D8-4F24-A0A8-59F330CC9DE3}.Release|Mixed Platforms.ActiveCfg = Release|x86
		{0218BFF0-F4D8-4F24-A0A8-59F330CC9DE3}.Release|Mixed Platforms.Build.0 = Release|x86
		{0218BFF0-F4D8-4F24-A0A8-59F330CC9DE3}.Release|x86.ActiveCfg = Release|x86
		{0218BFF0-F4D8-4F24-A0A8-59F330CC9DE3}.Release|x86.Build.0 = Release|x86
		{33FAD525-AAE2-4E26-A790-ECC18697CE45}.Debug|Any CPU.ActiveCfg = Debug|Any CPU
		{33FAD525-AAE2-4E26-A790-ECC18697CE45}.Debug|Any CPU.Build.0 = Debug|Any CPU
		{33FAD525-AAE2-4E26-A790-ECC18697CE45}.Debug|Mixed Platforms.ActiveCfg = Debug|x86
		{33FAD525-AAE2-4E26-A790-ECC18697CE45}.Debug|Mixed Platforms.Build.0 = Debug|x86
		{33FAD525-AAE2-4E26-A790-ECC18697CE45}.Debug|x86.ActiveCfg = Debug|x86
		{33FAD525-AAE2-4E26-A790-ECC18697CE45}.Debug|x86.Build.0 = Debug|x86
		{33FAD525-AAE2-4E26-A790-ECC18697CE45}.Release|Any CPU.ActiveCfg = Release|Any CPU
		{33FAD525-AAE2-4E26-A790-ECC18697CE45}.Release|Any CPU.Build.0 = Release|Any CPU
		{33FAD525-AAE2-4E26-A790-ECC18697CE45}.Release|Mixed Platforms.ActiveCfg = Release|x86
		{33FAD525-AAE2-4E26-A790-ECC18697CE45}.Release|Mixed Platforms.Build.0 = Release|x86
		{33FAD525-AAE2-4E26-A790-ECC18697CE45}.Release|x86.ActiveCfg = Release|x86
		{33FAD525-AAE2-4E26-A790-ECC18697CE45}.Release|x86.Build.0 = Release|x86
		{8F3E211B-B0C7-49CB-9683-E488E4E6702F}.Debug|Any CPU.ActiveCfg = Debug|Any CPU
		{8F3E211B-B0C7-49CB-9683-E488E4E6702F}.Debug|Any CPU.Build.0 = Debug|Any CPU
		{8F3E211B-B0C7-49CB-9683-E488E4E6702F}.Debug|Mixed Platforms.ActiveCfg = Debug|x86
		{8F3E211B-B0C7-49CB-9683-E488E4E6702F}.Debug|Mixed Platforms.Build.0 = Debug|x86
		{8F3E211B-B0C7-49CB-9683-E488E4E6702F}.Debug|x86.ActiveCfg = Debug|x86
		{8F3E211B-B0C7-49CB-9683-E488E4E6702F}.Debug|x86.Build.0 = Debug|x86
		{8F3E211B-B0C7-49CB-9683-E488E4E6702F}.Release|Any CPU.ActiveCfg = Release|Any CPU
		{8F3E211B-B0C7-49CB-9683-E488E4E6702F}.Release|Any CPU.Build.0 = Release|Any CPU
		{8F3E211B-B0C7-49CB-9683-E488E4E6702F}.Release|Mixed Platforms.ActiveCfg = Release|x86
		{8F3E211B-B0C7-49CB-9683-E488E4E6702F}.Release|Mixed Platforms.Build.0 = Release|x86
		{8F3E211B-B0C7-49CB-9683-E488E4E6702F}.Release|x86.ActiveCfg = Release|x86
		{8F3E211B-B0C7-49CB-9683-E488E4E6702F}.Release|x86.Build.0 = Release|x86
		{ECD65C8C-9905-4259-85BE-8E62DA5C7C62}.Debug|Any CPU.ActiveCfg = Debug|x64
		{ECD65C8C-9905-4259-85BE-8E62DA5C7C62}.Debug|Mixed Platforms.ActiveCfg = Debug|x86
		{ECD65C8C-9905-4259-85BE-8E62DA5C7C62}.Debug|Mixed Platforms.Build.0 = Debug|x86
		{ECD65C8C-9905-4259-85BE-8E62DA5C7C62}.Debug|x86.ActiveCfg = Debug|x86
		{ECD65C8C-9905-4259-85BE-8E62DA5C7C62}.Release|Any CPU.ActiveCfg = Release|x64
		{ECD65C8C-9905-4259-85BE-8E62DA5C7C62}.Release|Any CPU.Build.0 = Release|x64
		{ECD65C8C-9905-4259-85BE-8E62DA5C7C62}.Release|Mixed Platforms.ActiveCfg = Release|x86
		{ECD65C8C-9905-4259-85BE-8E62DA5C7C62}.Release|Mixed Platforms.Build.0 = Release|x86
		{ECD65C8C-9905-4259-85BE-8E62DA5C7C62}.Release|x86.ActiveCfg = Release|x86
		{ECD65C8C-9905-4259-85BE-8E62DA5C7C62}.Release|x86.Build.0 = Release|x86
		{28B2088F-7128-42A0-A752-335D4E4EF98E}.Debug|Any CPU.ActiveCfg = Debug|Any CPU
		{28B2088F-7128-42A0-A752-335D4E4EF98E}.Debug|Any CPU.Build.0 = Debug|Any CPU
		{28B2088F-7128-42A0-A752-335D4E4EF98E}.Debug|Mixed Platforms.ActiveCfg = Debug|x86
		{28B2088F-7128-42A0-A752-335D4E4EF98E}.Debug|Mixed Platforms.Build.0 = Debug|x86
		{28B2088F-7128-42A0-A752-335D4E4EF98E}.Debug|x86.ActiveCfg = Debug|x86
		{28B2088F-7128-42A0-A752-335D4E4EF98E}.Debug|x86.Build.0 = Debug|x86
		{28B2088F-7128-42A0-A752-335D4E4EF98E}.Release|Any CPU.ActiveCfg = Release|Any CPU
		{28B2088F-7128-42A0-A752-335D4E4EF98E}.Release|Any CPU.Build.0 = Release|Any CPU
		{28B2088F-7128-42A0-A752-335D4E4EF98E}.Release|Mixed Platforms.ActiveCfg = Release|x86
		{28B2088F-7128-42A0-A752-335D4E4EF98E}.Release|Mixed Platforms.Build.0 = Release|x86
		{28B2088F-7128-42A0-A752-335D4E4EF98E}.Release|x86.ActiveCfg = Release|Any CPU
		{28B2088F-7128-42A0-A752-335D4E4EF98E}.Release|x86.Build.0 = Release|Any CPU
		{FD3784A1-A944-41AD-A9C9-BFDD7D5137A2}.Debug|Any CPU.ActiveCfg = Debug|Any CPU
		{FD3784A1-A944-41AD-A9C9-BFDD7D5137A2}.Debug|Any CPU.Build.0 = Debug|Any CPU
		{FD3784A1-A944-41AD-A9C9-BFDD7D5137A2}.Debug|Mixed Platforms.ActiveCfg = Debug|x86
		{FD3784A1-A944-41AD-A9C9-BFDD7D5137A2}.Debug|Mixed Platforms.Build.0 = Debug|x86
		{FD3784A1-A944-41AD-A9C9-BFDD7D5137A2}.Debug|x86.ActiveCfg = Debug|x86
		{FD3784A1-A944-41AD-A9C9-BFDD7D5137A2}.Debug|x86.Build.0 = Debug|x86
		{FD3784A1-A944-41AD-A9C9-BFDD7D5137A2}.Release|Any CPU.ActiveCfg = Release|Any CPU
		{FD3784A1-A944-41AD-A9C9-BFDD7D5137A2}.Release|Any CPU.Build.0 = Release|Any CPU
		{FD3784A1-A944-41AD-A9C9-BFDD7D5137A2}.Release|Mixed Platforms.ActiveCfg = Release|x86
		{FD3784A1-A944-41AD-A9C9-BFDD7D5137A2}.Release|Mixed Platforms.Build.0 = Release|x86
		{FD3784A1-A944-41AD-A9C9-BFDD7D5137A2}.Release|x86.ActiveCfg = Release|x86
		{FD3784A1-A944-41AD-A9C9-BFDD7D5137A2}.Release|x86.Build.0 = Release|x86
		{F04EDA71-4C20-4AE4-B348-E53C3F376621}.Debug|Any CPU.ActiveCfg = Debug|x64
		{F04EDA71-4C20-4AE4-B348-E53C3F376621}.Debug|Mixed Platforms.ActiveCfg = Debug|x86
		{F04EDA71-4C20-4AE4-B348-E53C3F376621}.Debug|Mixed Platforms.Build.0 = Debug|x86
		{F04EDA71-4C20-4AE4-B348-E53C3F376621}.Debug|x86.ActiveCfg = Debug|x86
		{F04EDA71-4C20-4AE4-B348-E53C3F376621}.Release|Any CPU.ActiveCfg = Release|x64
		{F04EDA71-4C20-4AE4-B348-E53C3F376621}.Release|Any CPU.Build.0 = Release|x64
		{F04EDA71-4C20-4AE4-B348-E53C3F376621}.Release|Mixed Platforms.ActiveCfg = Release|x86
		{F04EDA71-4C20-4AE4-B348-E53C3F376621}.Release|Mixed Platforms.Build.0 = Release|x86
		{F04EDA71-4C20-4AE4-B348-E53C3F376621}.Release|x86.ActiveCfg = Release|x86
		{F04EDA71-4C20-4AE4-B348-E53C3F376621}.Release|x86.Build.0 = Release|x86
		{05636D10-CC92-43B1-AF3D-E66CCECFB3CC}.Debug|Any CPU.ActiveCfg = Debug|Any CPU
		{05636D10-CC92-43B1-AF3D-E66CCECFB3CC}.Debug|Any CPU.Build.0 = Debug|Any CPU
		{05636D10-CC92-43B1-AF3D-E66CCECFB3CC}.Debug|Mixed Platforms.ActiveCfg = Debug|Any CPU
		{05636D10-CC92-43B1-AF3D-E66CCECFB3CC}.Debug|Mixed Platforms.Build.0 = Debug|Any CPU
		{05636D10-CC92-43B1-AF3D-E66CCECFB3CC}.Debug|x86.ActiveCfg = Debug|Any CPU
		{05636D10-CC92-43B1-AF3D-E66CCECFB3CC}.Debug|x86.Build.0 = Debug|Any CPU
		{05636D10-CC92-43B1-AF3D-E66CCECFB3CC}.Release|Any CPU.ActiveCfg = Release|Any CPU
		{05636D10-CC92-43B1-AF3D-E66CCECFB3CC}.Release|Any CPU.Build.0 = Release|Any CPU
		{05636D10-CC92-43B1-AF3D-E66CCECFB3CC}.Release|Mixed Platforms.ActiveCfg = Release|Any CPU
		{05636D10-CC92-43B1-AF3D-E66CCECFB3CC}.Release|Mixed Platforms.Build.0 = Release|Any CPU
		{05636D10-CC92-43B1-AF3D-E66CCECFB3CC}.Release|x86.ActiveCfg = Release|Any CPU
		{05636D10-CC92-43B1-AF3D-E66CCECFB3CC}.Release|x86.Build.0 = Release|Any CPU
		{953A5C0E-31C5-4C36-93E6-A0F2750F199C}.Debug|Any CPU.ActiveCfg = Debug|Any CPU
		{953A5C0E-31C5-4C36-93E6-A0F2750F199C}.Debug|Any CPU.Build.0 = Debug|Any CPU
		{953A5C0E-31C5-4C36-93E6-A0F2750F199C}.Debug|Mixed Platforms.ActiveCfg = Debug|Any CPU
		{953A5C0E-31C5-4C36-93E6-A0F2750F199C}.Debug|Mixed Platforms.Build.0 = Debug|Any CPU
		{953A5C0E-31C5-4C36-93E6-A0F2750F199C}.Debug|x86.ActiveCfg = Debug|Any CPU
		{953A5C0E-31C5-4C36-93E6-A0F2750F199C}.Debug|x86.Build.0 = Debug|Any CPU
		{953A5C0E-31C5-4C36-93E6-A0F2750F199C}.Release|Any CPU.ActiveCfg = Release|Any CPU
		{953A5C0E-31C5-4C36-93E6-A0F2750F199C}.Release|Any CPU.Build.0 = Release|Any CPU
		{953A5C0E-31C5-4C36-93E6-A0F2750F199C}.Release|Mixed Platforms.ActiveCfg = Release|Any CPU
		{953A5C0E-31C5-4C36-93E6-A0F2750F199C}.Release|Mixed Platforms.Build.0 = Release|Any CPU
		{953A5C0E-31C5-4C36-93E6-A0F2750F199C}.Release|x86.ActiveCfg = Release|Any CPU
		{953A5C0E-31C5-4C36-93E6-A0F2750F199C}.Release|x86.Build.0 = Release|Any CPU
		{79FBD416-8CFF-425E-A010-15E61B9D3BD7}.Debug|Any CPU.ActiveCfg = Debug|Any CPU
		{79FBD416-8CFF-425E-A010-15E61B9D3BD7}.Debug|Any CPU.Build.0 = Debug|Any CPU
		{79FBD416-8CFF-425E-A010-15E61B9D3BD7}.Debug|Mixed Platforms.ActiveCfg = Debug|x86
		{79FBD416-8CFF-425E-A010-15E61B9D3BD7}.Debug|Mixed Platforms.Build.0 = Debug|x86
		{79FBD416-8CFF-425E-A010-15E61B9D3BD7}.Debug|x86.ActiveCfg = Debug|x86
		{79FBD416-8CFF-425E-A010-15E61B9D3BD7}.Debug|x86.Build.0 = Debug|x86
		{79FBD416-8CFF-425E-A010-15E61B9D3BD7}.Release|Any CPU.ActiveCfg = Release|Any CPU
		{79FBD416-8CFF-425E-A010-15E61B9D3BD7}.Release|Any CPU.Build.0 = Release|Any CPU
		{79FBD416-8CFF-425E-A010-15E61B9D3BD7}.Release|Mixed Platforms.ActiveCfg = Release|x86
		{79FBD416-8CFF-425E-A010-15E61B9D3BD7}.Release|Mixed Platforms.Build.0 = Release|x86
		{79FBD416-8CFF-425E-A010-15E61B9D3BD7}.Release|x86.ActiveCfg = Release|x86
		{79FBD416-8CFF-425E-A010-15E61B9D3BD7}.Release|x86.Build.0 = Release|x86
		{11AE594D-2B2B-473C-8550-6BF62914C3E2}.Debug|Any CPU.ActiveCfg = Debug|Any CPU
		{11AE594D-2B2B-473C-8550-6BF62914C3E2}.Debug|Any CPU.Build.0 = Debug|Any CPU
		{11AE594D-2B2B-473C-8550-6BF62914C3E2}.Debug|Mixed Platforms.ActiveCfg = Debug|Any CPU
		{11AE594D-2B2B-473C-8550-6BF62914C3E2}.Debug|Mixed Platforms.Build.0 = Debug|Any CPU
		{11AE594D-2B2B-473C-8550-6BF62914C3E2}.Debug|x86.ActiveCfg = Debug|Any CPU
		{11AE594D-2B2B-473C-8550-6BF62914C3E2}.Debug|x86.Build.0 = Debug|Any CPU
		{11AE594D-2B2B-473C-8550-6BF62914C3E2}.Release|Any CPU.ActiveCfg = Release|Any CPU
		{11AE594D-2B2B-473C-8550-6BF62914C3E2}.Release|Any CPU.Build.0 = Release|Any CPU
		{11AE594D-2B2B-473C-8550-6BF62914C3E2}.Release|Mixed Platforms.ActiveCfg = Release|Any CPU
		{11AE594D-2B2B-473C-8550-6BF62914C3E2}.Release|Mixed Platforms.Build.0 = Release|Any CPU
		{11AE594D-2B2B-473C-8550-6BF62914C3E2}.Release|x86.ActiveCfg = Release|Any CPU
		{11AE594D-2B2B-473C-8550-6BF62914C3E2}.Release|x86.Build.0 = Release|Any CPU
		{94E98B70-2F52-45A2-A805-3D6B62547149}.Debug|Any CPU.ActiveCfg = Debug|Any CPU
		{94E98B70-2F52-45A2-A805-3D6B62547149}.Debug|Any CPU.Build.0 = Debug|Any CPU
		{94E98B70-2F52-45A2-A805-3D6B62547149}.Debug|Mixed Platforms.ActiveCfg = Debug|x86
		{94E98B70-2F52-45A2-A805-3D6B62547149}.Debug|Mixed Platforms.Build.0 = Debug|x86
		{94E98B70-2F52-45A2-A805-3D6B62547149}.Debug|x86.ActiveCfg = Debug|x86
		{94E98B70-2F52-45A2-A805-3D6B62547149}.Debug|x86.Build.0 = Debug|x86
		{94E98B70-2F52-45A2-A805-3D6B62547149}.Release|Any CPU.ActiveCfg = Release|Any CPU
		{94E98B70-2F52-45A2-A805-3D6B62547149}.Release|Any CPU.Build.0 = Release|Any CPU
		{94E98B70-2F52-45A2-A805-3D6B62547149}.Release|Mixed Platforms.ActiveCfg = Release|x86
		{94E98B70-2F52-45A2-A805-3D6B62547149}.Release|Mixed Platforms.Build.0 = Release|x86
		{94E98B70-2F52-45A2-A805-3D6B62547149}.Release|x86.ActiveCfg = Release|x86
		{94E98B70-2F52-45A2-A805-3D6B62547149}.Release|x86.Build.0 = Release|x86
		{0C461E89-2430-4E47-B5C4-97FCA86E0E21}.Debug|Any CPU.ActiveCfg = Debug|Any CPU
		{0C461E89-2430-4E47-B5C4-97FCA86E0E21}.Debug|Any CPU.Build.0 = Debug|Any CPU
		{0C461E89-2430-4E47-B5C4-97FCA86E0E21}.Debug|Mixed Platforms.ActiveCfg = Debug|x86
		{0C461E89-2430-4E47-B5C4-97FCA86E0E21}.Debug|Mixed Platforms.Build.0 = Debug|x86
		{0C461E89-2430-4E47-B5C4-97FCA86E0E21}.Debug|x86.ActiveCfg = Debug|x86
		{0C461E89-2430-4E47-B5C4-97FCA86E0E21}.Debug|x86.Build.0 = Debug|x86
		{0C461E89-2430-4E47-B5C4-97FCA86E0E21}.Release|Any CPU.ActiveCfg = Release|Any CPU
		{0C461E89-2430-4E47-B5C4-97FCA86E0E21}.Release|Any CPU.Build.0 = Release|Any CPU
		{0C461E89-2430-4E47-B5C4-97FCA86E0E21}.Release|Mixed Platforms.ActiveCfg = Release|x86
		{0C461E89-2430-4E47-B5C4-97FCA86E0E21}.Release|Mixed Platforms.Build.0 = Release|x86
		{0C461E89-2430-4E47-B5C4-97FCA86E0E21}.Release|x86.ActiveCfg = Release|x86
		{0C461E89-2430-4E47-B5C4-97FCA86E0E21}.Release|x86.Build.0 = Release|x86
		{72F417E9-F592-4417-B87C-B681AE707294}.Debug|Any CPU.ActiveCfg = Debug|Any CPU
		{72F417E9-F592-4417-B87C-B681AE707294}.Debug|Any CPU.Build.0 = Debug|Any CPU
		{72F417E9-F592-4417-B87C-B681AE707294}.Debug|Mixed Platforms.ActiveCfg = Debug|x86
		{72F417E9-F592-4417-B87C-B681AE707294}.Debug|Mixed Platforms.Build.0 = Debug|x86
		{72F417E9-F592-4417-B87C-B681AE707294}.Debug|x86.ActiveCfg = Debug|x86
		{72F417E9-F592-4417-B87C-B681AE707294}.Debug|x86.Build.0 = Debug|x86
		{72F417E9-F592-4417-B87C-B681AE707294}.Release|Any CPU.ActiveCfg = Release|Any CPU
		{72F417E9-F592-4417-B87C-B681AE707294}.Release|Any CPU.Build.0 = Release|Any CPU
		{72F417E9-F592-4417-B87C-B681AE707294}.Release|Mixed Platforms.ActiveCfg = Release|x86
		{72F417E9-F592-4417-B87C-B681AE707294}.Release|Mixed Platforms.Build.0 = Release|x86
		{72F417E9-F592-4417-B87C-B681AE707294}.Release|x86.ActiveCfg = Release|x86
		{72F417E9-F592-4417-B87C-B681AE707294}.Release|x86.Build.0 = Release|x86
		{51358DA9-39B6-4176-BB24-E6735E977604}.Debug|Any CPU.ActiveCfg = Debug|Any CPU
		{51358DA9-39B6-4176-BB24-E6735E977604}.Debug|Any CPU.Build.0 = Debug|Any CPU
		{51358DA9-39B6-4176-BB24-E6735E977604}.Debug|Mixed Platforms.ActiveCfg = Debug|x86
		{51358DA9-39B6-4176-BB24-E6735E977604}.Debug|Mixed Platforms.Build.0 = Debug|x86
		{51358DA9-39B6-4176-BB24-E6735E977604}.Debug|x86.ActiveCfg = Debug|x86
		{51358DA9-39B6-4176-BB24-E6735E977604}.Debug|x86.Build.0 = Debug|x86
		{51358DA9-39B6-4176-BB24-E6735E977604}.Release|Any CPU.ActiveCfg = Release|Any CPU
		{51358DA9-39B6-4176-BB24-E6735E977604}.Release|Any CPU.Build.0 = Release|Any CPU
		{51358DA9-39B6-4176-BB24-E6735E977604}.Release|Mixed Platforms.ActiveCfg = Release|x86
		{51358DA9-39B6-4176-BB24-E6735E977604}.Release|Mixed Platforms.Build.0 = Release|x86
		{51358DA9-39B6-4176-BB24-E6735E977604}.Release|x86.ActiveCfg = Release|x86
		{51358DA9-39B6-4176-BB24-E6735E977604}.Release|x86.Build.0 = Release|x86
		{36380070-81B6-4D71-A80A-C5AE76B0E357}.Debug|Any CPU.ActiveCfg = Debug|x64
		{36380070-81B6-4D71-A80A-C5AE76B0E357}.Debug|Mixed Platforms.ActiveCfg = Debug|x86
		{36380070-81B6-4D71-A80A-C5AE76B0E357}.Debug|Mixed Platforms.Build.0 = Debug|x86
		{36380070-81B6-4D71-A80A-C5AE76B0E357}.Debug|x86.ActiveCfg = Debug|x86
		{36380070-81B6-4D71-A80A-C5AE76B0E357}.Release|Any CPU.ActiveCfg = Release|x64
		{36380070-81B6-4D71-A80A-C5AE76B0E357}.Release|Any CPU.Build.0 = Release|x64
		{36380070-81B6-4D71-A80A-C5AE76B0E357}.Release|Mixed Platforms.ActiveCfg = Release|x86
		{36380070-81B6-4D71-A80A-C5AE76B0E357}.Release|Mixed Platforms.Build.0 = Release|x86
		{36380070-81B6-4D71-A80A-C5AE76B0E357}.Release|x86.ActiveCfg = Release|x86
		{36380070-81B6-4D71-A80A-C5AE76B0E357}.Release|x86.Build.0 = Release|x86
		{0505DEEB-4408-441C-9254-FB22A6610C52}.Debug|Any CPU.ActiveCfg = Debug|Any CPU
		{0505DEEB-4408-441C-9254-FB22A6610C52}.Debug|Any CPU.Build.0 = Debug|Any CPU
		{0505DEEB-4408-441C-9254-FB22A6610C52}.Debug|Any CPU.Deploy.0 = Debug|Any CPU
		{0505DEEB-4408-441C-9254-FB22A6610C52}.Debug|Mixed Platforms.ActiveCfg = Debug|Any CPU
		{0505DEEB-4408-441C-9254-FB22A6610C52}.Debug|Mixed Platforms.Build.0 = Debug|Any CPU
		{0505DEEB-4408-441C-9254-FB22A6610C52}.Debug|Mixed Platforms.Deploy.0 = Debug|Any CPU
		{0505DEEB-4408-441C-9254-FB22A6610C52}.Debug|x86.ActiveCfg = Debug|Any CPU
		{0505DEEB-4408-441C-9254-FB22A6610C52}.Release|Any CPU.ActiveCfg = Release|Any CPU
		{0505DEEB-4408-441C-9254-FB22A6610C52}.Release|Any CPU.Build.0 = Release|Any CPU
		{0505DEEB-4408-441C-9254-FB22A6610C52}.Release|Any CPU.Deploy.0 = Release|Any CPU
		{0505DEEB-4408-441C-9254-FB22A6610C52}.Release|Mixed Platforms.ActiveCfg = Release|Any CPU
		{0505DEEB-4408-441C-9254-FB22A6610C52}.Release|Mixed Platforms.Build.0 = Release|Any CPU
		{0505DEEB-4408-441C-9254-FB22A6610C52}.Release|Mixed Platforms.Deploy.0 = Release|Any CPU
		{0505DEEB-4408-441C-9254-FB22A6610C52}.Release|x86.ActiveCfg = Release|Any CPU
	EndGlobalSection
	GlobalSection(SolutionProperties) = preSolution
		HideSolutionNode = FALSE
	EndGlobalSection
	GlobalSection(NestedProjects) = preSolution
		{BC5C2A22-31D3-4887-B798-262244564883} = {B3493118-9437-497D-A716-24232CE0D4F2}
		{E0A728AA-FC3E-4184-AA89-B421C3EBFD62} = {B3493118-9437-497D-A716-24232CE0D4F2}
		{DE52CF89-A2CD-41E7-AB2C-4D0E8DE2772A} = {B3493118-9437-497D-A716-24232CE0D4F2}
		{847B0BE1-54CD-4A68-B0DB-6EA2CD8F672F} = {6AA858DD-E319-459F-A5A5-FBDB89D63214}
		{F5BD3958-FFBE-415F-BC25-25C30DD7C26F} = {6AA858DD-E319-459F-A5A5-FBDB89D63214}
		{598B0FE9-B4EA-4797-982D-BF243F3C5BEC} = {6AA858DD-E319-459F-A5A5-FBDB89D63214}
		{947C5857-A97F-499E-BC07-4509132EAF52} = {6AA858DD-E319-459F-A5A5-FBDB89D63214}
		{24EB0E7B-9F79-4E3A-94FB-87BD4D06A400} = {0F4F3F4C-55D3-4D76-99AC-1ABD3F69CFBE}
		{05636D10-CC92-43B1-AF3D-E66CCECFB3CC} = {0F4F3F4C-55D3-4D76-99AC-1ABD3F69CFBE}
		{953A5C0E-31C5-4C36-93E6-A0F2750F199C} = {0F4F3F4C-55D3-4D76-99AC-1ABD3F69CFBE}
		{11AE594D-2B2B-473C-8550-6BF62914C3E2} = {0F4F3F4C-55D3-4D76-99AC-1ABD3F69CFBE}
		{0505DEEB-4408-441C-9254-FB22A6610C52} = {0F4F3F4C-55D3-4D76-99AC-1ABD3F69CFBE}
		{0218BFF0-F4D8-4F24-A0A8-59F330CC9DE3} = {BC5C2A22-31D3-4887-B798-262244564883}
		{33FAD525-AAE2-4E26-A790-ECC18697CE45} = {BC5C2A22-31D3-4887-B798-262244564883}
		{8F3E211B-B0C7-49CB-9683-E488E4E6702F} = {BC5C2A22-31D3-4887-B798-262244564883}
		{ECD65C8C-9905-4259-85BE-8E62DA5C7C62} = {BC5C2A22-31D3-4887-B798-262244564883}
		{28B2088F-7128-42A0-A752-335D4E4EF98E} = {E0A728AA-FC3E-4184-AA89-B421C3EBFD62}
		{FD3784A1-A944-41AD-A9C9-BFDD7D5137A2} = {E0A728AA-FC3E-4184-AA89-B421C3EBFD62}
		{F04EDA71-4C20-4AE4-B348-E53C3F376621} = {E0A728AA-FC3E-4184-AA89-B421C3EBFD62}
		{79FBD416-8CFF-425E-A010-15E61B9D3BD7} = {9DA625F5-5D02-4855-A891-5E059AE2BD83}
		{94E98B70-2F52-45A2-A805-3D6B62547149} = {9DA625F5-5D02-4855-A891-5E059AE2BD83}
		{0C461E89-2430-4E47-B5C4-97FCA86E0E21} = {DE52CF89-A2CD-41E7-AB2C-4D0E8DE2772A}
		{72F417E9-F592-4417-B87C-B681AE707294} = {DE52CF89-A2CD-41E7-AB2C-4D0E8DE2772A}
		{51358DA9-39B6-4176-BB24-E6735E977604} = {DE52CF89-A2CD-41E7-AB2C-4D0E8DE2772A}
		{36380070-81B6-4D71-A80A-C5AE76B0E357} = {DE52CF89-A2CD-41E7-AB2C-4D0E8DE2772A}
	EndGlobalSection
EndGlobal
