
Microsoft Visual Studio Solution File, Format Version 12.00
# Visual Studio 14
VisualStudioVersion = 14.0.25420.1
MinimumVisualStudioVersion = 10.0.40219.1
Project("{2150E333-8FDC-42A3-9474-1A3956D46DE8}") = "Data", "Data", "{B554F6A4-C3DF-4D8B-B3EF-7819B44BCE09}"
	ProjectSection(SolutionItems) = preProject
		Data\01 - openXDA.sql = Data\01 - openXDA.sql
		Data\02 - DashSprocs.sql = Data\02 - DashSprocs.sql
		Data\03 - EnableEventDataSqlClr.sql = Data\03 - EnableEventDataSqlClr.sql
		Data\04 - EnableHistorianSqlClr.sql = Data\04 - EnableHistorianSqlClr.sql
		Data\05 - DefaultSettings.sql = Data\05 - DefaultSettings.sql
		Data\06 - DefaultChannelTypes.sql = Data\06 - DefaultChannelTypes.sql
		Data\07 - DefaultTrendingAlarms.sql = Data\07 - DefaultTrendingAlarms.sql
		Data\08 - DefaultContours.sql = Data\08 - DefaultContours.sql
	EndProjectSection
EndProject
Project("{2150E333-8FDC-42A3-9474-1A3956D46DE8}") = "Tools", "Tools", "{9DA625F5-5D02-4855-A891-5E059AE2BD83}"
EndProject
Project("{FAE04EC0-301F-11D3-BF4B-00C04F79EFBC}") = "XDAWaveformDataParser", "Tools\XDAWaveformDataParser\XDAWaveformDataParser.csproj", "{79FBD416-8CFF-425E-A010-15E61B9D3BD7}"
EndProject
Project("{FAE04EC0-301F-11D3-BF4B-00C04F79EFBC}") = "DeviceDefinitionsMigrator", "Tools\DeviceDefinitionsMigrator\DeviceDefinitionsMigrator.csproj", "{94E98B70-2F52-45A2-A805-3D6B62547149}"
EndProject
Project("{FAE04EC0-301F-11D3-BF4B-00C04F79EFBC}") = "SqlClrAssemblyEncoder", "Tools\SqlClrAssemblyEncoder\SqlClrAssemblyEncoder.csproj", "{CE674B18-F140-47E4-A22C-8E7C37FAA974}"
EndProject
Project("{FAE04EC0-301F-11D3-BF4B-00C04F79EFBC}") = "XDAUpgradeValidation", "Tools\XDAUpgradeValidation\XDAUpgradeValidation.csproj", "{9441B6B4-3BBE-4CDD-BCDF-6881B1EA02D4}"
EndProject
Project("{FAE04EC0-301F-11D3-BF4B-00C04F79EFBC}") = "XDAAlarmCreationApp", "Tools\XDAAlarmCreationApp\XDAAlarmCreationApp.csproj", "{1D865DF4-2C43-4BB2-9CFC-169093C6C9C3}"
EndProject
Global
	GlobalSection(SolutionConfigurationPlatforms) = preSolution
		Debug|Any CPU = Debug|Any CPU
		Debug|x86 = Debug|x86
		Mono|Any CPU = Mono|Any CPU
		Mono|x86 = Mono|x86
		Release|Any CPU = Release|Any CPU
		Release|x86 = Release|x86
	EndGlobalSection
	GlobalSection(ProjectConfigurationPlatforms) = postSolution
		{79FBD416-8CFF-425E-A010-15E61B9D3BD7}.Debug|Any CPU.ActiveCfg = Debug|Any CPU
		{79FBD416-8CFF-425E-A010-15E61B9D3BD7}.Debug|Any CPU.Build.0 = Debug|Any CPU
		{79FBD416-8CFF-425E-A010-15E61B9D3BD7}.Debug|x86.ActiveCfg = Debug|x86
		{79FBD416-8CFF-425E-A010-15E61B9D3BD7}.Debug|x86.Build.0 = Debug|x86
		{79FBD416-8CFF-425E-A010-15E61B9D3BD7}.Mono|Any CPU.ActiveCfg = Release|Any CPU
		{79FBD416-8CFF-425E-A010-15E61B9D3BD7}.Mono|Any CPU.Build.0 = Release|Any CPU
		{79FBD416-8CFF-425E-A010-15E61B9D3BD7}.Mono|x86.ActiveCfg = Release|x86
		{79FBD416-8CFF-425E-A010-15E61B9D3BD7}.Mono|x86.Build.0 = Release|x86
		{79FBD416-8CFF-425E-A010-15E61B9D3BD7}.Release|Any CPU.ActiveCfg = Release|Any CPU
		{79FBD416-8CFF-425E-A010-15E61B9D3BD7}.Release|Any CPU.Build.0 = Release|Any CPU
		{79FBD416-8CFF-425E-A010-15E61B9D3BD7}.Release|x86.ActiveCfg = Release|x86
		{79FBD416-8CFF-425E-A010-15E61B9D3BD7}.Release|x86.Build.0 = Release|x86
		{94E98B70-2F52-45A2-A805-3D6B62547149}.Debug|Any CPU.ActiveCfg = Debug|Any CPU
		{94E98B70-2F52-45A2-A805-3D6B62547149}.Debug|Any CPU.Build.0 = Debug|Any CPU
		{94E98B70-2F52-45A2-A805-3D6B62547149}.Debug|x86.ActiveCfg = Debug|x86
		{94E98B70-2F52-45A2-A805-3D6B62547149}.Debug|x86.Build.0 = Debug|x86
		{94E98B70-2F52-45A2-A805-3D6B62547149}.Mono|Any CPU.ActiveCfg = Release|Any CPU
		{94E98B70-2F52-45A2-A805-3D6B62547149}.Mono|Any CPU.Build.0 = Release|Any CPU
		{94E98B70-2F52-45A2-A805-3D6B62547149}.Mono|x86.ActiveCfg = Release|x86
		{94E98B70-2F52-45A2-A805-3D6B62547149}.Mono|x86.Build.0 = Release|x86
		{94E98B70-2F52-45A2-A805-3D6B62547149}.Release|Any CPU.ActiveCfg = Release|Any CPU
		{94E98B70-2F52-45A2-A805-3D6B62547149}.Release|Any CPU.Build.0 = Release|Any CPU
		{94E98B70-2F52-45A2-A805-3D6B62547149}.Release|x86.ActiveCfg = Release|x86
		{94E98B70-2F52-45A2-A805-3D6B62547149}.Release|x86.Build.0 = Release|x86
		{CE674B18-F140-47E4-A22C-8E7C37FAA974}.Debug|Any CPU.ActiveCfg = Debug|Any CPU
		{CE674B18-F140-47E4-A22C-8E7C37FAA974}.Debug|Any CPU.Build.0 = Debug|Any CPU
		{CE674B18-F140-47E4-A22C-8E7C37FAA974}.Debug|x86.ActiveCfg = Debug|Any CPU
		{CE674B18-F140-47E4-A22C-8E7C37FAA974}.Debug|x86.Build.0 = Debug|Any CPU
		{CE674B18-F140-47E4-A22C-8E7C37FAA974}.Mono|Any CPU.ActiveCfg = Release|Any CPU
		{CE674B18-F140-47E4-A22C-8E7C37FAA974}.Mono|Any CPU.Build.0 = Release|Any CPU
		{CE674B18-F140-47E4-A22C-8E7C37FAA974}.Mono|x86.ActiveCfg = Release|Any CPU
		{CE674B18-F140-47E4-A22C-8E7C37FAA974}.Mono|x86.Build.0 = Release|Any CPU
		{CE674B18-F140-47E4-A22C-8E7C37FAA974}.Release|Any CPU.ActiveCfg = Release|Any CPU
		{CE674B18-F140-47E4-A22C-8E7C37FAA974}.Release|Any CPU.Build.0 = Release|Any CPU
		{CE674B18-F140-47E4-A22C-8E7C37FAA974}.Release|x86.ActiveCfg = Release|Any CPU
		{CE674B18-F140-47E4-A22C-8E7C37FAA974}.Release|x86.Build.0 = Release|Any CPU
		{9441B6B4-3BBE-4CDD-BCDF-6881B1EA02D4}.Debug|Any CPU.ActiveCfg = Debug|Any CPU
		{9441B6B4-3BBE-4CDD-BCDF-6881B1EA02D4}.Debug|Any CPU.Build.0 = Debug|Any CPU
		{9441B6B4-3BBE-4CDD-BCDF-6881B1EA02D4}.Debug|x86.ActiveCfg = Debug|x86
		{9441B6B4-3BBE-4CDD-BCDF-6881B1EA02D4}.Debug|x86.Build.0 = Debug|x86
		{9441B6B4-3BBE-4CDD-BCDF-6881B1EA02D4}.Mono|Any CPU.ActiveCfg = Release|Any CPU
		{9441B6B4-3BBE-4CDD-BCDF-6881B1EA02D4}.Mono|Any CPU.Build.0 = Release|Any CPU
		{9441B6B4-3BBE-4CDD-BCDF-6881B1EA02D4}.Mono|x86.ActiveCfg = Release|x86
		{9441B6B4-3BBE-4CDD-BCDF-6881B1EA02D4}.Mono|x86.Build.0 = Release|x86
		{9441B6B4-3BBE-4CDD-BCDF-6881B1EA02D4}.Release|Any CPU.ActiveCfg = Release|Any CPU
		{9441B6B4-3BBE-4CDD-BCDF-6881B1EA02D4}.Release|Any CPU.Build.0 = Release|Any CPU
		{9441B6B4-3BBE-4CDD-BCDF-6881B1EA02D4}.Release|x86.ActiveCfg = Release|x86
		{9441B6B4-3BBE-4CDD-BCDF-6881B1EA02D4}.Release|x86.Build.0 = Release|x86
		{1D865DF4-2C43-4BB2-9CFC-169093C6C9C3}.Debug|Any CPU.ActiveCfg = Debug|Any CPU
		{1D865DF4-2C43-4BB2-9CFC-169093C6C9C3}.Debug|Any CPU.Build.0 = Debug|Any CPU
		{1D865DF4-2C43-4BB2-9CFC-169093C6C9C3}.Debug|x86.ActiveCfg = Debug|Any CPU
		{1D865DF4-2C43-4BB2-9CFC-169093C6C9C3}.Debug|x86.Build.0 = Debug|Any CPU
		{1D865DF4-2C43-4BB2-9CFC-169093C6C9C3}.Mono|Any CPU.ActiveCfg = Release|Any CPU
		{1D865DF4-2C43-4BB2-9CFC-169093C6C9C3}.Mono|Any CPU.Build.0 = Release|Any CPU
		{1D865DF4-2C43-4BB2-9CFC-169093C6C9C3}.Mono|x86.ActiveCfg = Release|Any CPU
		{1D865DF4-2C43-4BB2-9CFC-169093C6C9C3}.Mono|x86.Build.0 = Release|Any CPU
		{1D865DF4-2C43-4BB2-9CFC-169093C6C9C3}.Release|Any CPU.ActiveCfg = Release|Any CPU
		{1D865DF4-2C43-4BB2-9CFC-169093C6C9C3}.Release|Any CPU.Build.0 = Release|Any CPU
		{1D865DF4-2C43-4BB2-9CFC-169093C6C9C3}.Release|x86.ActiveCfg = Release|Any CPU
		{1D865DF4-2C43-4BB2-9CFC-169093C6C9C3}.Release|x86.Build.0 = Release|Any CPU
	EndGlobalSection
	GlobalSection(SolutionProperties) = preSolution
		HideSolutionNode = FALSE
	EndGlobalSection
	GlobalSection(NestedProjects) = preSolution
		{79FBD416-8CFF-425E-A010-15E61B9D3BD7} = {9DA625F5-5D02-4855-A891-5E059AE2BD83}
		{94E98B70-2F52-45A2-A805-3D6B62547149} = {9DA625F5-5D02-4855-A891-5E059AE2BD83}
		{CE674B18-F140-47E4-A22C-8E7C37FAA974} = {9DA625F5-5D02-4855-A891-5E059AE2BD83}
		{9441B6B4-3BBE-4CDD-BCDF-6881B1EA02D4} = {9DA625F5-5D02-4855-A891-5E059AE2BD83}
		{1D865DF4-2C43-4BB2-9CFC-169093C6C9C3} = {9DA625F5-5D02-4855-A891-5E059AE2BD83}
	EndGlobalSection
EndGlobal
